
Microsoft Visual Studio Solution File, Format Version 12.00
# Visual Studio Version 17
VisualStudioVersion = 17.4.33403.182
MinimumVisualStudioVersion = 10.0.40219.1
Project("{FAE04EC0-301F-11D3-BF4B-00C04F79EFBC}") = "Assignment2Advanced", "Assignment2Advanced.csproj", "{38C98331-8659-4E34-B752-3D9A8201C87F}"
EndProject
Global
	GlobalSection(SolutionConfigurationPlatforms) = preSolution
		Debug|Any CPU = Debug|Any CPU
		Release|Any CPU = Release|Any CPU
	EndGlobalSection
	GlobalSection(ProjectConfigurationPlatforms) = postSolution
		{38C98331-8659-4E34-B752-3D9A8201C87F}.Debug|Any CPU.ActiveCfg = Debug|Any CPU
		{38C98331-8659-4E34-B752-3D9A8201C87F}.Debug|Any CPU.Build.0 = Debug|Any CPU
		{38C98331-8659-4E34-B752-3D9A8201C87F}.Release|Any CPU.ActiveCfg = Release|Any CPU
		{38C98331-8659-4E34-B752-3D9A8201C87F}.Release|Any CPU.Build.0 = Release|Any CPU
	EndGlobalSection
	GlobalSection(SolutionProperties) = preSolution
		HideSolutionNode = FALSE
	EndGlobalSection
	GlobalSection(ExtensibilityGlobals) = postSolution
		SolutionGuid = {74D38729-55D7-46DB-927F-B44CD5F8CDD2}
	EndGlobalSection
EndGlobal
